
Microsoft Visual Studio Solution File, Format Version 12.00
# Visual Studio Version 17
VisualStudioVersion = 17.4.33213.308
MinimumVisualStudioVersion = 10.0.40219.1
Project("{9A19103F-16F7-4668-BE54-9A1E7A4F7556}") = "BlackCleaner.WPF", "BlackCleaner\BlackCleaner.WPF\BlackCleaner.WPF.csproj", "{2A63A628-AF98-4EAB-BFBC-FC92FA308BAF}"
EndProject
Project("{FAE04EC0-301F-11D3-BF4B-00C04F79EFBC}") = "BC.Net46", "BC.Net46\BC.Net46.csproj", "{E1E2BA87-FE7D-4AEE-A588-150D0F58A579}"
EndProject
Global
	GlobalSection(SolutionConfigurationPlatforms) = preSolution
		Debug|Any CPU = Debug|Any CPU
		Release|Any CPU = Release|Any CPU
	EndGlobalSection
	GlobalSection(ProjectConfigurationPlatforms) = postSolution
		{2A63A628-AF98-4EAB-BFBC-FC92FA308BAF}.Debug|Any CPU.ActiveCfg = Debug|Any CPU
		{2A63A628-AF98-4EAB-BFBC-FC92FA308BAF}.Debug|Any CPU.Build.0 = Debug|Any CPU
		{2A63A628-AF98-4EAB-BFBC-FC92FA308BAF}.Release|Any CPU.ActiveCfg = Release|Any CPU
		{2A63A628-AF98-4EAB-BFBC-FC92FA308BAF}.Release|Any CPU.Build.0 = Release|Any CPU
		{E1E2BA87-FE7D-4AEE-A588-150D0F58A579}.Debug|Any CPU.ActiveCfg = Debug|Any CPU
		{E1E2BA87-FE7D-4AEE-A588-150D0F58A579}.Debug|Any CPU.Build.0 = Debug|Any CPU
		{E1E2BA87-FE7D-4AEE-A588-150D0F58A579}.Release|Any CPU.ActiveCfg = Release|Any CPU
		{E1E2BA87-FE7D-4AEE-A588-150D0F58A579}.Release|Any CPU.Build.0 = Release|Any CPU
	EndGlobalSection
	GlobalSection(SolutionProperties) = preSolution
		HideSolutionNode = FALSE
	EndGlobalSection
	GlobalSection(ExtensibilityGlobals) = postSolution
		SolutionGuid = {FC67118E-14BB-4E40-9C8F-0922DA1CAA4B}
	EndGlobalSection
EndGlobal
